// !$*UTF8*$!
{
	archiveVersion = 1;
	classes = {
	};
	objectVersion = 46;
	objects = {

/* Begin PBXBuildFile section */
		3DCC470E19FFDD54006620A0 /* main.m in Sources */ = {isa = PBXBuildFile; fileRef = 3DCC470D19FFDD54006620A0 /* main.m */; };
		3DCC471119FFDD54006620A0 /* AppDelegate.m in Sources */ = {isa = PBXBuildFile; fileRef = 3DCC471019FFDD54006620A0 /* AppDelegate.m */; };
		3DCC471419FFDD54006620A0 /* ViewController.m in Sources */ = {isa = PBXBuildFile; fileRef = 3DCC471319FFDD54006620A0 /* ViewController.m */; };
		3DCC471719FFDD54006620A0 /* Main.storyboard in Resources */ = {isa = PBXBuildFile; fileRef = 3DCC471519FFDD54006620A0 /* Main.storyboard */; };
		3DCC471919FFDD54006620A0 /* Images.xcassets in Resources */ = {isa = PBXBuildFile; fileRef = 3DCC471819FFDD54006620A0 /* Images.xcassets */; };
		3DCC471C19FFDD54006620A0 /* LaunchScreen.xib in Resources */ = {isa = PBXBuildFile; fileRef = 3DCC471A19FFDD54006620A0 /* LaunchScreen.xib */; };
		3DCC472819FFDD54006620A0 /* JBWebViewControllerTests.m in Sources */ = {isa = PBXBuildFile; fileRef = 3DCC472719FFDD54006620A0 /* JBWebViewControllerTests.m */; };
		3DCC473419FFDE24006620A0 /* JBWebViewController.m in Sources */ = {isa = PBXBuildFile; fileRef = 3DCC473319FFDE24006620A0 /* JBWebViewController.m */; };
/* End PBXBuildFile section */

/* Begin PBXContainerItemProxy section */
		3DCC472219FFDD54006620A0 /* PBXContainerItemProxy */ = {
			isa = PBXContainerItemProxy;
			containerPortal = 3DCC470019FFDD54006620A0 /* Project object */;
			proxyType = 1;
			remoteGlobalIDString = 3DCC470719FFDD54006620A0;
			remoteInfo = JBWebViewController;
		};
/* End PBXContainerItemProxy section */

/* Begin PBXFileReference section */
		3DCC470819FFDD54006620A0 /* JBWebViewController.app */ = {isa = PBXFileReference; explicitFileType = wrapper.application; includeInIndex = 0; path = JBWebViewController.app; sourceTree = BUILT_PRODUCTS_DIR; };
		3DCC470C19FFDD54006620A0 /* Info.plist */ = {isa = PBXFileReference; lastKnownFileType = text.plist.xml; path = Info.plist; sourceTree = "<group>"; };
		3DCC470D19FFDD54006620A0 /* main.m */ = {isa = PBXFileReference; lastKnownFileType = sourcecode.c.objc; path = main.m; sourceTree = "<group>"; };
		3DCC470F19FFDD54006620A0 /* AppDelegate.h */ = {isa = PBXFileReference; lastKnownFileType = sourcecode.c.h; path = AppDelegate.h; sourceTree = "<group>"; };
		3DCC471019FFDD54006620A0 /* AppDelegate.m */ = {isa = PBXFileReference; lastKnownFileType = sourcecode.c.objc; path = AppDelegate.m; sourceTree = "<group>"; };
		3DCC471219FFDD54006620A0 /* ViewController.h */ = {isa = PBXFileReference; lastKnownFileType = sourcecode.c.h; path = ViewController.h; sourceTree = "<group>"; };
		3DCC471319FFDD54006620A0 /* ViewController.m */ = {isa = PBXFileReference; lastKnownFileType = sourcecode.c.objc; path = ViewController.m; sourceTree = "<group>"; };
		3DCC471619FFDD54006620A0 /* Base */ = {isa = PBXFileReference; lastKnownFileType = file.storyboard; name = Base; path = Base.lproj/Main.storyboard; sourceTree = "<group>"; };
		3DCC471819FFDD54006620A0 /* Images.xcassets */ = {isa = PBXFileReference; lastKnownFileType = folder.assetcatalog; path = Images.xcassets; sourceTree = "<group>"; };
		3DCC471B19FFDD54006620A0 /* Base */ = {isa = PBXFileReference; lastKnownFileType = file.xib; name = Base; path = Base.lproj/LaunchScreen.xib; sourceTree = "<group>"; };
		3DCC472119FFDD54006620A0 /* JBWebViewControllerTests.xctest */ = {isa = PBXFileReference; explicitFileType = wrapper.cfbundle; includeInIndex = 0; path = JBWebViewControllerTests.xctest; sourceTree = BUILT_PRODUCTS_DIR; };
		3DCC472619FFDD54006620A0 /* Info.plist */ = {isa = PBXFileReference; lastKnownFileType = text.plist.xml; path = Info.plist; sourceTree = "<group>"; };
		3DCC472719FFDD54006620A0 /* JBWebViewControllerTests.m */ = {isa = PBXFileReference; lastKnownFileType = sourcecode.c.objc; path = JBWebViewControllerTests.m; sourceTree = "<group>"; };
		3DCC473219FFDE24006620A0 /* JBWebViewController.h */ = {isa = PBXFileReference; fileEncoding = 4; lastKnownFileType = sourcecode.c.h; path = JBWebViewController.h; sourceTree = "<group>"; };
		3DCC473319FFDE24006620A0 /* JBWebViewController.m */ = {isa = PBXFileReference; fileEncoding = 4; lastKnownFileType = sourcecode.c.objc; path = JBWebViewController.m; sourceTree = "<group>"; };
/* End PBXFileReference section */

/* Begin PBXFrameworksBuildPhase section */
		3DCC470519FFDD54006620A0 /* Frameworks */ = {
			isa = PBXFrameworksBuildPhase;
			buildActionMask = 2147483647;
			files = (
			);
			runOnlyForDeploymentPostprocessing = 0;
		};
		3DCC471E19FFDD54006620A0 /* Frameworks */ = {
			isa = PBXFrameworksBuildPhase;
			buildActionMask = 2147483647;
			files = (
			);
			runOnlyForDeploymentPostprocessing = 0;
		};
/* End PBXFrameworksBuildPhase section */

/* Begin PBXGroup section */
		3DCC46FF19FFDD54006620A0 = {
			isa = PBXGroup;
			children = (
				3DCC470A19FFDD54006620A0 /* JBWebViewController */,
				3DCC472419FFDD54006620A0 /* JBWebViewControllerTests */,
				3DCC470919FFDD54006620A0 /* Products */,
			);
			sourceTree = "<group>";
		};
		3DCC470919FFDD54006620A0 /* Products */ = {
			isa = PBXGroup;
			children = (
				3DCC470819FFDD54006620A0 /* JBWebViewController.app */,
				3DCC472119FFDD54006620A0 /* JBWebViewControllerTests.xctest */,
			);
			name = Products;
			sourceTree = "<group>";
		};
		3DCC470A19FFDD54006620A0 /* JBWebViewController */ = {
			isa = PBXGroup;
			children = (
				3DCC473119FFDE13006620A0 /* JBWebViewController */,
				3DCC470F19FFDD54006620A0 /* AppDelegate.h */,
				3DCC471019FFDD54006620A0 /* AppDelegate.m */,
				3DCC471219FFDD54006620A0 /* ViewController.h */,
				3DCC471319FFDD54006620A0 /* ViewController.m */,
				3DCC471519FFDD54006620A0 /* Main.storyboard */,
				3DCC471819FFDD54006620A0 /* Images.xcassets */,
				3DCC471A19FFDD54006620A0 /* LaunchScreen.xib */,
				3DCC470B19FFDD54006620A0 /* Supporting Files */,
			);
			path = JBWebViewController;
			sourceTree = "<group>";
		};
		3DCC470B19FFDD54006620A0 /* Supporting Files */ = {
			isa = PBXGroup;
			children = (
				3DCC470C19FFDD54006620A0 /* Info.plist */,
				3DCC470D19FFDD54006620A0 /* main.m */,
			);
			name = "Supporting Files";
			sourceTree = "<group>";
		};
		3DCC472419FFDD54006620A0 /* JBWebViewControllerTests */ = {
			isa = PBXGroup;
			children = (
				3DCC472719FFDD54006620A0 /* JBWebViewControllerTests.m */,
				3DCC472519FFDD54006620A0 /* Supporting Files */,
			);
			path = JBWebViewControllerTests;
			sourceTree = "<group>";
		};
		3DCC472519FFDD54006620A0 /* Supporting Files */ = {
			isa = PBXGroup;
			children = (
				3DCC472619FFDD54006620A0 /* Info.plist */,
			);
			name = "Supporting Files";
			sourceTree = "<group>";
		};
		3DCC473119FFDE13006620A0 /* JBWebViewController */ = {
			isa = PBXGroup;
			children = (
				3DCC473219FFDE24006620A0 /* JBWebViewController.h */,
				3DCC473319FFDE24006620A0 /* JBWebViewController.m */,
			);
			path = JBWebViewController;
			sourceTree = "<group>";
		};
/* End PBXGroup section */

/* Begin PBXNativeTarget section */
		3DCC470719FFDD54006620A0 /* JBWebViewController */ = {
			isa = PBXNativeTarget;
			buildConfigurationList = 3DCC472B19FFDD54006620A0 /* Build configuration list for PBXNativeTarget "JBWebViewController" */;
			buildPhases = (
				3DCC470419FFDD54006620A0 /* Sources */,
				3DCC470519FFDD54006620A0 /* Frameworks */,
				3DCC470619FFDD54006620A0 /* Resources */,
			);
			buildRules = (
			);
			dependencies = (
			);
			name = JBWebViewController;
			productName = JBWebViewController;
			productReference = 3DCC470819FFDD54006620A0 /* JBWebViewController.app */;
			productType = "com.apple.product-type.application";
		};
		3DCC472019FFDD54006620A0 /* JBWebViewControllerTests */ = {
			isa = PBXNativeTarget;
			buildConfigurationList = 3DCC472E19FFDD54006620A0 /* Build configuration list for PBXNativeTarget "JBWebViewControllerTests" */;
			buildPhases = (
				3DCC471D19FFDD54006620A0 /* Sources */,
				3DCC471E19FFDD54006620A0 /* Frameworks */,
				3DCC471F19FFDD54006620A0 /* Resources */,
			);
			buildRules = (
			);
			dependencies = (
				3DCC472319FFDD54006620A0 /* PBXTargetDependency */,
			);
			name = JBWebViewControllerTests;
			productName = JBWebViewControllerTests;
			productReference = 3DCC472119FFDD54006620A0 /* JBWebViewControllerTests.xctest */;
			productType = "com.apple.product-type.bundle.unit-test";
		};
/* End PBXNativeTarget section */

/* Begin PBXProject section */
		3DCC470019FFDD54006620A0 /* Project object */ = {
			isa = PBXProject;
			attributes = {
				LastUpgradeCheck = 0610;
				ORGANIZATIONNAME = "Jonas Boserup";
				TargetAttributes = {
					3DCC470719FFDD54006620A0 = {
						CreatedOnToolsVersion = 6.1;
					};
					3DCC472019FFDD54006620A0 = {
						CreatedOnToolsVersion = 6.1;
						TestTargetID = 3DCC470719FFDD54006620A0;
					};
				};
			};
			buildConfigurationList = 3DCC470319FFDD54006620A0 /* Build configuration list for PBXProject "JBWebViewController" */;
			compatibilityVersion = "Xcode 3.2";
			developmentRegion = English;
			hasScannedForEncodings = 0;
			knownRegions = (
				en,
				Base,
			);
			mainGroup = 3DCC46FF19FFDD54006620A0;
			productRefGroup = 3DCC470919FFDD54006620A0 /* Products */;
			projectDirPath = "";
			projectRoot = "";
			targets = (
				3DCC470719FFDD54006620A0 /* JBWebViewController */,
				3DCC472019FFDD54006620A0 /* JBWebViewControllerTests */,
			);
		};
/* End PBXProject section */

/* Begin PBXResourcesBuildPhase section */
		3DCC470619FFDD54006620A0 /* Resources */ = {
			isa = PBXResourcesBuildPhase;
			buildActionMask = 2147483647;
			files = (
				3DCC471719FFDD54006620A0 /* Main.storyboard in Resources */,
				3DCC471C19FFDD54006620A0 /* LaunchScreen.xib in Resources */,
				3DCC471919FFDD54006620A0 /* Images.xcassets in Resources */,
			);
			runOnlyForDeploymentPostprocessing = 0;
		};
		3DCC471F19FFDD54006620A0 /* Resources */ = {
			isa = PBXResourcesBuildPhase;
			buildActionMask = 2147483647;
			files = (
			);
			runOnlyForDeploymentPostprocessing = 0;
		};
/* End PBXResourcesBuildPhase section */

/* Begin PBXSourcesBuildPhase section */
		3DCC470419FFDD54006620A0 /* Sources */ = {
			isa = PBXSourcesBuildPhase;
			buildActionMask = 2147483647;
			files = (
				3DCC471419FFDD54006620A0 /* ViewController.m in Sources */,
				3DCC473419FFDE24006620A0 /* JBWebViewController.m in Sources */,
				3DCC471119FFDD54006620A0 /* AppDelegate.m in Sources */,
				3DCC470E19FFDD54006620A0 /* main.m in Sources */,
			);
			runOnlyForDeploymentPostprocessing = 0;
		};
		3DCC471D19FFDD54006620A0 /* Sources */ = {
			isa = PBXSourcesBuildPhase;
			buildActionMask = 2147483647;
			files = (
				3DCC472819FFDD54006620A0 /* JBWebViewControllerTests.m in Sources */,
			);
			runOnlyForDeploymentPostprocessing = 0;
		};
/* End PBXSourcesBuildPhase section */

/* Begin PBXTargetDependency section */
		3DCC472319FFDD54006620A0 /* PBXTargetDependency */ = {
			isa = PBXTargetDependency;
			target = 3DCC470719FFDD54006620A0 /* JBWebViewController */;
			targetProxy = 3DCC472219FFDD54006620A0 /* PBXContainerItemProxy */;
		};
/* End PBXTargetDependency section */

/* Begin PBXVariantGroup section */
		3DCC471519FFDD54006620A0 /* Main.storyboard */ = {
			isa = PBXVariantGroup;
			children = (
				3DCC471619FFDD54006620A0 /* Base */,
			);
			name = Main.storyboard;
			sourceTree = "<group>";
		};
		3DCC471A19FFDD54006620A0 /* LaunchScreen.xib */ = {
			isa = PBXVariantGroup;
			children = (
				3DCC471B19FFDD54006620A0 /* Base */,
			);
			name = LaunchScreen.xib;
			sourceTree = "<group>";
		};
/* End PBXVariantGroup section */

/* Begin XCBuildConfiguration section */
		3DCC472919FFDD54006620A0 /* Debug */ = {
			isa = XCBuildConfiguration;
			buildSettings = {
				ALWAYS_SEARCH_USER_PATHS = NO;
				CLANG_CXX_LANGUAGE_STANDARD = "gnu++0x";
				CLANG_CXX_LIBRARY = "libc++";
				CLANG_ENABLE_MODULES = YES;
				CLANG_ENABLE_OBJC_ARC = YES;
				CLANG_WARN_BOOL_CONVERSION = YES;
				CLANG_WARN_CONSTANT_CONVERSION = YES;
				CLANG_WARN_DIRECT_OBJC_ISA_USAGE = YES_ERROR;
				CLANG_WARN_EMPTY_BODY = YES;
				CLANG_WARN_ENUM_CONVERSION = YES;
				CLANG_WARN_INT_CONVERSION = YES;
				CLANG_WARN_OBJC_ROOT_CLASS = YES_ERROR;
				CLANG_WARN_UNREACHABLE_CODE = YES;
				CLANG_WARN__DUPLICATE_METHOD_MATCH = YES;
				"CODE_SIGN_IDENTITY[sdk=iphoneos*]" = "iPhone Developer";
				COPY_PHASE_STRIP = NO;
				ENABLE_STRICT_OBJC_MSGSEND = YES;
				GCC_C_LANGUAGE_STANDARD = gnu99;
				GCC_DYNAMIC_NO_PIC = NO;
				GCC_OPTIMIZATION_LEVEL = 0;
				GCC_PREPROCESSOR_DEFINITIONS = (
					"DEBUG=1",
					"$(inherited)",
				);
				GCC_SYMBOLS_PRIVATE_EXTERN = NO;
				GCC_WARN_64_TO_32_BIT_CONVERSION = YES;
				GCC_WARN_ABOUT_RETURN_TYPE = YES_ERROR;
				GCC_WARN_UNDECLARED_SELECTOR = YES;
				GCC_WARN_UNINITIALIZED_AUTOS = YES_AGGRESSIVE;
				GCC_WARN_UNUSED_FUNCTION = YES;
				GCC_WARN_UNUSED_VARIABLE = YES;
				IPHONEOS_DEPLOYMENT_TARGET = 8.1;
				MTL_ENABLE_DEBUG_INFO = YES;
				ONLY_ACTIVE_ARCH = YES;
				SDKROOT = iphoneos;
				TARGETED_DEVICE_FAMILY = "1,2";
			};
			name = Debug;
		};
		3DCC472A19FFDD54006620A0 /* Release */ = {
			isa = XCBuildConfiguration;
			buildSettings = {
				ALWAYS_SEARCH_USER_PATHS = NO;
				CLANG_CXX_LANGUAGE_STANDARD = "gnu++0x";
				CLANG_CXX_LIBRARY = "libc++";
				CLANG_ENABLE_MODULES = YES;
				CLANG_ENABLE_OBJC_ARC = YES;
				CLANG_WARN_BOOL_CONVERSION = YES;
				CLANG_WARN_CONSTANT_CONVERSION = YES;
				CLANG_WARN_DIRECT_OBJC_ISA_USAGE = YES_ERROR;
				CLANG_WARN_EMPTY_BODY = YES;
				CLANG_WARN_ENUM_CONVERSION = YES;
				CLANG_WARN_INT_CONVERSION = YES;
				CLANG_WARN_OBJC_ROOT_CLASS = YES_ERROR;
				CLANG_WARN_UNREACHABLE_CODE = YES;
				CLANG_WARN__DUPLICATE_METHOD_MATCH = YES;
				"CODE_SIGN_IDENTITY[sdk=iphoneos*]" = "iPhone Developer";
				COPY_PHASE_STRIP = YES;
				ENABLE_NS_ASSERTIONS = NO;
				ENABLE_STRICT_OBJC_MSGSEND = YES;
				GCC_C_LANGUAGE_STANDARD = gnu99;
				GCC_WARN_64_TO_32_BIT_CONVERSION = YES;
				GCC_WARN_ABOUT_RETURN_TYPE = YES_ERROR;
				GCC_WARN_UNDECLARED_SELECTOR = YES;
				GCC_WARN_UNINITIALIZED_AUTOS = YES_AGGRESSIVE;
				GCC_WARN_UNUSED_FUNCTION = YES;
				GCC_WARN_UNUSED_VARIABLE = YES;
				IPHONEOS_DEPLOYMENT_TARGET = 8.1;
				MTL_ENABLE_DEBUG_INFO = NO;
				SDKROOT = iphoneos;
				TARGETED_DEVICE_FAMILY = "1,2";
				VALIDATE_PRODUCT = YES;
			};
			name = Release;
		};
		3DCC472C19FFDD54006620A0 /* Debug */ = {
			isa = XCBuildConfiguration;
			buildSettings = {
				ASSETCATALOG_COMPILER_APPICON_NAME = AppIcon;
				INFOPLIST_FILE = JBWebViewController/Info.plist;
				LD_RUNPATH_SEARCH_PATHS = "$(inherited) @executable_path/Frameworks";
				PRODUCT_NAME = "$(TARGET_NAME)";
			};
			name = Debug;
		};
		3DCC472D19FFDD54006620A0 /* Release */ = {
			isa = XCBuildConfiguration;
			buildSettings = {
				ASSETCATALOG_COMPILER_APPICON_NAME = AppIcon;
				INFOPLIST_FILE = JBWebViewController/Info.plist;
				LD_RUNPATH_SEARCH_PATHS = "$(inherited) @executable_path/Frameworks";
				PRODUCT_NAME = "$(TARGET_NAME)";
			};
			name = Release;
		};
		3DCC472F19FFDD54006620A0 /* Debug */ = {
			isa = XCBuildConfiguration;
			buildSettings = {
				BUNDLE_LOADER = "$(TEST_HOST)";
				FRAMEWORK_SEARCH_PATHS = (
					"$(SDKROOT)/Developer/Library/Frameworks",
					"$(inherited)",
				);
				GCC_PREPROCESSOR_DEFINITIONS = (
					"DEBUG=1",
					"$(inherited)",
				);
				INFOPLIST_FILE = JBWebViewControllerTests/Info.plist;
				LD_RUNPATH_SEARCH_PATHS = "$(inherited) @executable_path/Frameworks @loader_path/Frameworks";
				PRODUCT_NAME = "$(TARGET_NAME)";
				TEST_HOST = "$(BUILT_PRODUCTS_DIR)/JBWebViewController.app/JBWebViewController";
			};
			name = Debug;
		};
		3DCC473019FFDD54006620A0 /* Release */ = {
			isa = XCBuildConfiguration;
			buildSettings = {
				BUNDLE_LOADER = "$(TEST_HOST)";
				FRAMEWORK_SEARCH_PATHS = (
					"$(SDKROOT)/Developer/Library/Frameworks",
					"$(inherited)",
				);
				INFOPLIST_FILE = JBWebViewControllerTests/Info.plist;
				LD_RUNPATH_SEARCH_PATHS = "$(inherited) @executable_path/Frameworks @loader_path/Frameworks";
				PRODUCT_NAME = "$(TARGET_NAME)";
				TEST_HOST = "$(BUILT_PRODUCTS_DIR)/JBWebViewController.app/JBWebViewController";
			};
			name = Release;
		};
/* End XCBuildConfiguration section */

/* Begin XCConfigurationList section */
		3DCC470319FFDD54006620A0 /* Build configuration list for PBXProject "JBWebViewController" */ = {
			isa = XCConfigurationList;
			buildConfigurations = (
				3DCC472919FFDD54006620A0 /* Debug */,
				3DCC472A19FFDD54006620A0 /* Release */,
			);
			defaultConfigurationIsVisible = 0;
			defaultConfigurationName = Release;
		};
		3DCC472B19FFDD54006620A0 /* Build configuration list for PBXNativeTarget "JBWebViewController" */ = {
			isa = XCConfigurationList;
			buildConfigurations = (
				3DCC472C19FFDD54006620A0 /* Debug */,
				3DCC472D19FFDD54006620A0 /* Release */,
			);
			defaultConfigurationIsVisible = 0;
			defaultConfigurationName = Release;
		};
		3DCC472E19FFDD54006620A0 /* Build configuration list for PBXNativeTarget "JBWebViewControllerTests" */ = {
			isa = XCConfigurationList;
			buildConfigurations = (
				3DCC472F19FFDD54006620A0 /* Debug */,
				3DCC473019FFDD54006620A0 /* Release */,
			);
			defaultConfigurationIsVisible = 0;
			defaultConfigurationName = Release;
		};
/* End XCConfigurationList section */
	};
	rootObject = 3DCC470019FFDD54006620A0 /* Project object */;
}
